
Microsoft Visual Studio Solution File, Format Version 12.00
# Visual Studio Version 16
VisualStudioVersion = 16.0.31729.503
MinimumVisualStudioVersion = 10.0.40219.1
Project("{FAE04EC0-301F-11D3-BF4B-00C04F79EFBC}") = "LecteurEMLFiles", "LecteurEMLFiles\LecteurEMLFiles.csproj", "{BA2A995E-01F1-4530-9A01-64C3377AAC6E}"
EndProject
Global
	GlobalSection(SolutionConfigurationPlatforms) = preSolution
		Debug|Any CPU = Debug|Any CPU
		Release|Any CPU = Release|Any CPU
	EndGlobalSection
	GlobalSection(ProjectConfigurationPlatforms) = postSolution
		{BA2A995E-01F1-4530-9A01-64C3377AAC6E}.Debug|Any CPU.ActiveCfg = Debug|Any CPU
		{BA2A995E-01F1-4530-9A01-64C3377AAC6E}.Debug|Any CPU.Build.0 = Debug|Any CPU
		{BA2A995E-01F1-4530-9A01-64C3377AAC6E}.Release|Any CPU.ActiveCfg = Release|Any CPU
		{BA2A995E-01F1-4530-9A01-64C3377AAC6E}.Release|Any CPU.Build.0 = Release|Any CPU
	EndGlobalSection
	GlobalSection(SolutionProperties) = preSolution
		HideSolutionNode = FALSE
	EndGlobalSection
	GlobalSection(ExtensibilityGlobals) = postSolution
		SolutionGuid = {84496B68-4A63-4A06-AF88-D57B89EB3CCB}
	EndGlobalSection
EndGlobal
